// !$*UTF8*$!
{
	archiveVersion = 1;
	classes = {
	};
	objectVersion = 46;
	objects = {

/* Begin PBXBuildFile section */
		089A0B651A6ABDF1001DF6CF /* main.m in Sources */ = {isa = PBXBuildFile; fileRef = 089A0B641A6ABDF1001DF6CF /* main.m */; };
		089A0B681A6ABDF1001DF6CF /* AppDelegate.m in Sources */ = {isa = PBXBuildFile; fileRef = 089A0B671A6ABDF1001DF6CF /* AppDelegate.m */; };
		089A0B6B1A6ABDF1001DF6CF /* ViewController.m in Sources */ = {isa = PBXBuildFile; fileRef = 089A0B6A1A6ABDF1001DF6CF /* ViewController.m */; };
		089A0B6E1A6ABDF1001DF6CF /* Main.storyboard in Resources */ = {isa = PBXBuildFile; fileRef = 089A0B6C1A6ABDF1001DF6CF /* Main.storyboard */; };
		089A0B701A6ABDF1001DF6CF /* Images.xcassets in Resources */ = {isa = PBXBuildFile; fileRef = 089A0B6F1A6ABDF1001DF6CF /* Images.xcassets */; };
		089A0B731A6ABDF1001DF6CF /* LaunchScreen.xib in Resources */ = {isa = PBXBuildFile; fileRef = 089A0B711A6ABDF1001DF6CF /* LaunchScreen.xib */; };
		089A0B7F1A6ABDF1001DF6CF /* hall_bookingTests.m in Sources */ = {isa = PBXBuildFile; fileRef = 089A0B7E1A6ABDF1001DF6CF /* hall_bookingTests.m */; };
/* End PBXBuildFile section */

/* Begin PBXContainerItemProxy section */
		089A0B791A6ABDF1001DF6CF /* PBXContainerItemProxy */ = {
			isa = PBXContainerItemProxy;
			containerPortal = 089A0B571A6ABDF1001DF6CF /* Project object */;
			proxyType = 1;
			remoteGlobalIDString = 089A0B5E1A6ABDF1001DF6CF;
			remoteInfo = hall_booking;
		};
/* End PBXContainerItemProxy section */

/* Begin PBXFileReference section */
		089A0B5F1A6ABDF1001DF6CF /* hall_booking.app */ = {isa = PBXFileReference; explicitFileType = wrapper.application; includeInIndex = 0; path = hall_booking.app; sourceTree = BUILT_PRODUCTS_DIR; };
		089A0B631A6ABDF1001DF6CF /* Info.plist */ = {isa = PBXFileReference; lastKnownFileType = text.plist.xml; path = Info.plist; sourceTree = "<group>"; };
		089A0B641A6ABDF1001DF6CF /* main.m */ = {isa = PBXFileReference; lastKnownFileType = sourcecode.c.objc; path = main.m; sourceTree = "<group>"; };
		089A0B661A6ABDF1001DF6CF /* AppDelegate.h */ = {isa = PBXFileReference; lastKnownFileType = sourcecode.c.h; path = AppDelegate.h; sourceTree = "<group>"; };
		089A0B671A6ABDF1001DF6CF /* AppDelegate.m */ = {isa = PBXFileReference; lastKnownFileType = sourcecode.c.objc; path = AppDelegate.m; sourceTree = "<group>"; };
		089A0B691A6ABDF1001DF6CF /* ViewController.h */ = {isa = PBXFileReference; lastKnownFileType = sourcecode.c.h; path = ViewController.h; sourceTree = "<group>"; };
		089A0B6A1A6ABDF1001DF6CF /* ViewController.m */ = {isa = PBXFileReference; lastKnownFileType = sourcecode.c.objc; path = ViewController.m; sourceTree = "<group>"; };
		089A0B6D1A6ABDF1001DF6CF /* Base */ = {isa = PBXFileReference; lastKnownFileType = file.storyboard; name = Base; path = Base.lproj/Main.storyboard; sourceTree = "<group>"; };
		089A0B6F1A6ABDF1001DF6CF /* Images.xcassets */ = {isa = PBXFileReference; lastKnownFileType = folder.assetcatalog; path = Images.xcassets; sourceTree = "<group>"; };
		089A0B721A6ABDF1001DF6CF /* Base */ = {isa = PBXFileReference; lastKnownFileType = file.xib; name = Base; path = Base.lproj/LaunchScreen.xib; sourceTree = "<group>"; };
		089A0B781A6ABDF1001DF6CF /* hall_bookingTests.xctest */ = {isa = PBXFileReference; explicitFileType = wrapper.cfbundle; includeInIndex = 0; path = hall_bookingTests.xctest; sourceTree = BUILT_PRODUCTS_DIR; };
		089A0B7D1A6ABDF1001DF6CF /* Info.plist */ = {isa = PBXFileReference; lastKnownFileType = text.plist.xml; path = Info.plist; sourceTree = "<group>"; };
		089A0B7E1A6ABDF1001DF6CF /* hall_bookingTests.m */ = {isa = PBXFileReference; lastKnownFileType = sourcecode.c.objc; path = hall_bookingTests.m; sourceTree = "<group>"; };
/* End PBXFileReference section */

/* Begin PBXFrameworksBuildPhase section */
		089A0B5C1A6ABDF1001DF6CF /* Frameworks */ = {
			isa = PBXFrameworksBuildPhase;
			buildActionMask = 2147483647;
			files = (
			);
			runOnlyForDeploymentPostprocessing = 0;
		};
		089A0B751A6ABDF1001DF6CF /* Frameworks */ = {
			isa = PBXFrameworksBuildPhase;
			buildActionMask = 2147483647;
			files = (
			);
			runOnlyForDeploymentPostprocessing = 0;
		};
/* End PBXFrameworksBuildPhase section */

/* Begin PBXGroup section */
		089A0B561A6ABDF1001DF6CF = {
			isa = PBXGroup;
			children = (
				089A0B611A6ABDF1001DF6CF /* hall_booking */,
				089A0B7B1A6ABDF1001DF6CF /* hall_bookingTests */,
				089A0B601A6ABDF1001DF6CF /* Products */,
			);
			sourceTree = "<group>";
		};
		089A0B601A6ABDF1001DF6CF /* Products */ = {
			isa = PBXGroup;
			children = (
				089A0B5F1A6ABDF1001DF6CF /* hall_booking.app */,
				089A0B781A6ABDF1001DF6CF /* hall_bookingTests.xctest */,
			);
			name = Products;
			sourceTree = "<group>";
		};
		089A0B611A6ABDF1001DF6CF /* hall_booking */ = {
			isa = PBXGroup;
			children = (
				089A0B661A6ABDF1001DF6CF /* AppDelegate.h */,
				089A0B671A6ABDF1001DF6CF /* AppDelegate.m */,
				089A0B691A6ABDF1001DF6CF /* ViewController.h */,
				089A0B6A1A6ABDF1001DF6CF /* ViewController.m */,
				089A0B6C1A6ABDF1001DF6CF /* Main.storyboard */,
				089A0B6F1A6ABDF1001DF6CF /* Images.xcassets */,
				089A0B711A6ABDF1001DF6CF /* LaunchScreen.xib */,
				089A0B621A6ABDF1001DF6CF /* Supporting Files */,
			);
			path = hall_booking;
			sourceTree = "<group>";
		};
		089A0B621A6ABDF1001DF6CF /* Supporting Files */ = {
			isa = PBXGroup;
			children = (
				089A0B631A6ABDF1001DF6CF /* Info.plist */,
				089A0B641A6ABDF1001DF6CF /* main.m */,
			);
			name = "Supporting Files";
			sourceTree = "<group>";
		};
		089A0B7B1A6ABDF1001DF6CF /* hall_bookingTests */ = {
			isa = PBXGroup;
			children = (
				089A0B7E1A6ABDF1001DF6CF /* hall_bookingTests.m */,
				089A0B7C1A6ABDF1001DF6CF /* Supporting Files */,
			);
			path = hall_bookingTests;
			sourceTree = "<group>";
		};
		089A0B7C1A6ABDF1001DF6CF /* Supporting Files */ = {
			isa = PBXGroup;
			children = (
				089A0B7D1A6ABDF1001DF6CF /* Info.plist */,
			);
			name = "Supporting Files";
			sourceTree = "<group>";
		};
/* End PBXGroup section */

/* Begin PBXNativeTarget section */
		089A0B5E1A6ABDF1001DF6CF /* hall_booking */ = {
			isa = PBXNativeTarget;
			buildConfigurationList = 089A0B821A6ABDF1001DF6CF /* Build configuration list for PBXNativeTarget "hall_booking" */;
			buildPhases = (
				089A0B5B1A6ABDF1001DF6CF /* Sources */,
				089A0B5C1A6ABDF1001DF6CF /* Frameworks */,
				089A0B5D1A6ABDF1001DF6CF /* Resources */,
			);
			buildRules = (
			);
			dependencies = (
			);
			name = hall_booking;
			productName = hall_booking;
			productReference = 089A0B5F1A6ABDF1001DF6CF /* hall_booking.app */;
			productType = "com.apple.product-type.application";
		};
		089A0B771A6ABDF1001DF6CF /* hall_bookingTests */ = {
			isa = PBXNativeTarget;
			buildConfigurationList = 089A0B851A6ABDF1001DF6CF /* Build configuration list for PBXNativeTarget "hall_bookingTests" */;
			buildPhases = (
				089A0B741A6ABDF1001DF6CF /* Sources */,
				089A0B751A6ABDF1001DF6CF /* Frameworks */,
				089A0B761A6ABDF1001DF6CF /* Resources */,
			);
			buildRules = (
			);
			dependencies = (
				089A0B7A1A6ABDF1001DF6CF /* PBXTargetDependency */,
			);
			name = hall_bookingTests;
			productName = hall_bookingTests;
			productReference = 089A0B781A6ABDF1001DF6CF /* hall_bookingTests.xctest */;
			productType = "com.apple.product-type.bundle.unit-test";
		};
/* End PBXNativeTarget section */

/* Begin PBXProject section */
		089A0B571A6ABDF1001DF6CF /* Project object */ = {
			isa = PBXProject;
			attributes = {
				LastUpgradeCheck = 0610;
				ORGANIZATIONNAME = "Nupin Pillai";
				TargetAttributes = {
					089A0B5E1A6ABDF1001DF6CF = {
						CreatedOnToolsVersion = 6.1.1;
					};
					089A0B771A6ABDF1001DF6CF = {
						CreatedOnToolsVersion = 6.1.1;
						TestTargetID = 089A0B5E1A6ABDF1001DF6CF;
					};
				};
			};
			buildConfigurationList = 089A0B5A1A6ABDF1001DF6CF /* Build configuration list for PBXProject "hall_booking" */;
			compatibilityVersion = "Xcode 3.2";
			developmentRegion = English;
			hasScannedForEncodings = 0;
			knownRegions = (
				en,
				Base,
			);
			mainGroup = 089A0B561A6ABDF1001DF6CF;
			productRefGroup = 089A0B601A6ABDF1001DF6CF /* Products */;
			projectDirPath = "";
			projectRoot = "";
			targets = (
				089A0B5E1A6ABDF1001DF6CF /* hall_booking */,
				089A0B771A6ABDF1001DF6CF /* hall_bookingTests */,
			);
		};
/* End PBXProject section */

/* Begin PBXResourcesBuildPhase section */
		089A0B5D1A6ABDF1001DF6CF /* Resources */ = {
			isa = PBXResourcesBuildPhase;
			buildActionMask = 2147483647;
			files = (
				089A0B6E1A6ABDF1001DF6CF /* Main.storyboard in Resources */,
				089A0B731A6ABDF1001DF6CF /* LaunchScreen.xib in Resources */,
				089A0B701A6ABDF1001DF6CF /* Images.xcassets in Resources */,
			);
			runOnlyForDeploymentPostprocessing = 0;
		};
		089A0B761A6ABDF1001DF6CF /* Resources */ = {
			isa = PBXResourcesBuildPhase;
			buildActionMask = 2147483647;
			files = (
			);
			runOnlyForDeploymentPostprocessing = 0;
		};
/* End PBXResourcesBuildPhase section */

/* Begin PBXSourcesBuildPhase section */
		089A0B5B1A6ABDF1001DF6CF /* Sources */ = {
			isa = PBXSourcesBuildPhase;
			buildActionMask = 2147483647;
			files = (
				089A0B6B1A6ABDF1001DF6CF /* ViewController.m in Sources */,
				089A0B681A6ABDF1001DF6CF /* AppDelegate.m in Sources */,
				089A0B651A6ABDF1001DF6CF /* main.m in Sources */,
			);
			runOnlyForDeploymentPostprocessing = 0;
		};
		089A0B741A6ABDF1001DF6CF /* Sources */ = {
			isa = PBXSourcesBuildPhase;
			buildActionMask = 2147483647;
			files = (
				089A0B7F1A6ABDF1001DF6CF /* hall_bookingTests.m in Sources */,
			);
			runOnlyForDeploymentPostprocessing = 0;
		};
/* End PBXSourcesBuildPhase section */

/* Begin PBXTargetDependency section */
		089A0B7A1A6ABDF1001DF6CF /* PBXTargetDependency */ = {
			isa = PBXTargetDependency;
			target = 089A0B5E1A6ABDF1001DF6CF /* hall_booking */;
			targetProxy = 089A0B791A6ABDF1001DF6CF /* PBXContainerItemProxy */;
		};
/* End PBXTargetDependency section */

/* Begin PBXVariantGroup section */
		089A0B6C1A6ABDF1001DF6CF /* Main.storyboard */ = {
			isa = PBXVariantGroup;
			children = (
				089A0B6D1A6ABDF1001DF6CF /* Base */,
			);
			name = Main.storyboard;
			sourceTree = "<group>";
		};
		089A0B711A6ABDF1001DF6CF /* LaunchScreen.xib */ = {
			isa = PBXVariantGroup;
			children = (
				089A0B721A6ABDF1001DF6CF /* Base */,
			);
			name = LaunchScreen.xib;
			sourceTree = "<group>";
		};
/* End PBXVariantGroup section */

/* Begin XCBuildConfiguration section */
		089A0B801A6ABDF1001DF6CF /* Debug */ = {
			isa = XCBuildConfiguration;
			buildSettings = {
				ALWAYS_SEARCH_USER_PATHS = NO;
				CLANG_CXX_LANGUAGE_STANDARD = "gnu++0x";
				CLANG_CXX_LIBRARY = "libc++";
				CLANG_ENABLE_MODULES = YES;
				CLANG_ENABLE_OBJC_ARC = YES;
				CLANG_WARN_BOOL_CONVERSION = YES;
				CLANG_WARN_CONSTANT_CONVERSION = YES;
				CLANG_WARN_DIRECT_OBJC_ISA_USAGE = YES_ERROR;
				CLANG_WARN_EMPTY_BODY = YES;
				CLANG_WARN_ENUM_CONVERSION = YES;
				CLANG_WARN_INT_CONVERSION = YES;
				CLANG_WARN_OBJC_ROOT_CLASS = YES_ERROR;
				CLANG_WARN_UNREACHABLE_CODE = YES;
				CLANG_WARN__DUPLICATE_METHOD_MATCH = YES;
				"CODE_SIGN_IDENTITY[sdk=iphoneos*]" = "iPhone Developer";
				COPY_PHASE_STRIP = NO;
				ENABLE_STRICT_OBJC_MSGSEND = YES;
				GCC_C_LANGUAGE_STANDARD = gnu99;
				GCC_DYNAMIC_NO_PIC = NO;
				GCC_OPTIMIZATION_LEVEL = 0;
				GCC_PREPROCESSOR_DEFINITIONS = (
					"DEBUG=1",
					"$(inherited)",
				);
				GCC_SYMBOLS_PRIVATE_EXTERN = NO;
				GCC_WARN_64_TO_32_BIT_CONVERSION = YES;
				GCC_WARN_ABOUT_RETURN_TYPE = YES_ERROR;
				GCC_WARN_UNDECLARED_SELECTOR = YES;
				GCC_WARN_UNINITIALIZED_AUTOS = YES_AGGRESSIVE;
				GCC_WARN_UNUSED_FUNCTION = YES;
				GCC_WARN_UNUSED_VARIABLE = YES;
				IPHONEOS_DEPLOYMENT_TARGET = 8.1;
				MTL_ENABLE_DEBUG_INFO = YES;
				ONLY_ACTIVE_ARCH = YES;
				SDKROOT = iphoneos;
				TARGETED_DEVICE_FAMILY = "1,2";
			};
			name = Debug;
		};
		089A0B811A6ABDF1001DF6CF /* Release */ = {
			isa = XCBuildConfiguration;
			buildSettings = {
				ALWAYS_SEARCH_USER_PATHS = NO;
				CLANG_CXX_LANGUAGE_STANDARD = "gnu++0x";
				CLANG_CXX_LIBRARY = "libc++";
				CLANG_ENABLE_MODULES = YES;
				CLANG_ENABLE_OBJC_ARC = YES;
				CLANG_WARN_BOOL_CONVERSION = YES;
				CLANG_WARN_CONSTANT_CONVERSION = YES;
				CLANG_WARN_DIRECT_OBJC_ISA_USAGE = YES_ERROR;
				CLANG_WARN_EMPTY_BODY = YES;
				CLANG_WARN_ENUM_CONVERSION = YES;
				CLANG_WARN_INT_CONVERSION = YES;
				CLANG_WARN_OBJC_ROOT_CLASS = YES_ERROR;
				CLANG_WARN_UNREACHABLE_CODE = YES;
				CLANG_WARN__DUPLICATE_METHOD_MATCH = YES;
				"CODE_SIGN_IDENTITY[sdk=iphoneos*]" = "iPhone Developer";
				COPY_PHASE_STRIP = YES;
				ENABLE_NS_ASSERTIONS = NO;
				ENABLE_STRICT_OBJC_MSGSEND = YES;
				GCC_C_LANGUAGE_STANDARD = gnu99;
				GCC_WARN_64_TO_32_BIT_CONVERSION = YES;
				GCC_WARN_ABOUT_RETURN_TYPE = YES_ERROR;
				GCC_WARN_UNDECLARED_SELECTOR = YES;
				GCC_WARN_UNINITIALIZED_AUTOS = YES_AGGRESSIVE;
				GCC_WARN_UNUSED_FUNCTION = YES;
				GCC_WARN_UNUSED_VARIABLE = YES;
				IPHONEOS_DEPLOYMENT_TARGET = 8.1;
				MTL_ENABLE_DEBUG_INFO = NO;
				SDKROOT = iphoneos;
				TARGETED_DEVICE_FAMILY = "1,2";
				VALIDATE_PRODUCT = YES;
			};
			name = Release;
		};
		089A0B831A6ABDF1001DF6CF /* Debug */ = {
			isa = XCBuildConfiguration;
			buildSettings = {
				ASSETCATALOG_COMPILER_APPICON_NAME = AppIcon;
				INFOPLIST_FILE = hall_booking/Info.plist;
				LD_RUNPATH_SEARCH_PATHS = "$(inherited) @executable_path/Frameworks";
				PRODUCT_NAME = "$(TARGET_NAME)";
			};
			name = Debug;
		};
		089A0B841A6ABDF1001DF6CF /* Release */ = {
			isa = XCBuildConfiguration;
			buildSettings = {
				ASSETCATALOG_COMPILER_APPICON_NAME = AppIcon;
				INFOPLIST_FILE = hall_booking/Info.plist;
				LD_RUNPATH_SEARCH_PATHS = "$(inherited) @executable_path/Frameworks";
				PRODUCT_NAME = "$(TARGET_NAME)";
			};
			name = Release;
		};
		089A0B861A6ABDF1001DF6CF /* Debug */ = {
			isa = XCBuildConfiguration;
			buildSettings = {
				BUNDLE_LOADER = "$(TEST_HOST)";
				FRAMEWORK_SEARCH_PATHS = (
					"$(SDKROOT)/Developer/Library/Frameworks",
					"$(inherited)",
				);
				GCC_PREPROCESSOR_DEFINITIONS = (
					"DEBUG=1",
					"$(inherited)",
				);
				INFOPLIST_FILE = hall_bookingTests/Info.plist;
				LD_RUNPATH_SEARCH_PATHS = "$(inherited) @executable_path/Frameworks @loader_path/Frameworks";
				PRODUCT_NAME = "$(TARGET_NAME)";
				TEST_HOST = "$(BUILT_PRODUCTS_DIR)/hall_booking.app/hall_booking";
			};
			name = Debug;
		};
		089A0B871A6ABDF1001DF6CF /* Release */ = {
			isa = XCBuildConfiguration;
			buildSettings = {
				BUNDLE_LOADER = "$(TEST_HOST)";
				FRAMEWORK_SEARCH_PATHS = (
					"$(SDKROOT)/Developer/Library/Frameworks",
					"$(inherited)",
				);
				INFOPLIST_FILE = hall_bookingTests/Info.plist;
				LD_RUNPATH_SEARCH_PATHS = "$(inherited) @executable_path/Frameworks @loader_path/Frameworks";
				PRODUCT_NAME = "$(TARGET_NAME)";
				TEST_HOST = "$(BUILT_PRODUCTS_DIR)/hall_booking.app/hall_booking";
			};
			name = Release;
		};
/* End XCBuildConfiguration section */

/* Begin XCConfigurationList section */
		089A0B5A1A6ABDF1001DF6CF /* Build configuration list for PBXProject "hall_booking" */ = {
			isa = XCConfigurationList;
			buildConfigurations = (
				089A0B801A6ABDF1001DF6CF /* Debug */,
				089A0B811A6ABDF1001DF6CF /* Release */,
			);
			defaultConfigurationIsVisible = 0;
			defaultConfigurationName = Release;
		};
		089A0B821A6ABDF1001DF6CF /* Build configuration list for PBXNativeTarget "hall_booking" */ = {
			isa = XCConfigurationList;
			buildConfigurations = (
				089A0B831A6ABDF1001DF6CF /* Debug */,
				089A0B841A6ABDF1001DF6CF /* Release */,
			);
			defaultConfigurationIsVisible = 0;
		};
		089A0B851A6ABDF1001DF6CF /* Build configuration list for PBXNativeTarget "hall_bookingTests" */ = {
			isa = XCConfigurationList;
			buildConfigurations = (
				089A0B861A6ABDF1001DF6CF /* Debug */,
				089A0B871A6ABDF1001DF6CF /* Release */,
			);
			defaultConfigurationIsVisible = 0;
		};
/* End XCConfigurationList section */
	};
	rootObject = 089A0B571A6ABDF1001DF6CF /* Project object */;
}
